
Microsoft Visual Studio Solution File, Format Version 12.00
# Visual Studio Version 17
VisualStudioVersion = 17.7.34024.191
MinimumVisualStudioVersion = 10.0.40219.1
Project("{2150E333-8FDC-42A3-9474-1A3956D46DE8}") = "src", "src", "{5DC657F8-B47F-4360-9E9B-10C812FECD02}"
EndProject
Project("{2150E333-8FDC-42A3-9474-1A3956D46DE8}") = "test", "test", "{6E5B186A-58B2-4BF5-A142-08B024357F68}"
EndProject
Project("{2150E333-8FDC-42A3-9474-1A3956D46DE8}") = "UI", "UI", "{DF7F0DB4-DF43-4712-B77B-C11384C63597}"
EndProject
Project("{2150E333-8FDC-42A3-9474-1A3956D46DE8}") = "API", "API", "{AE542341-D71F-4980-B63F-F4AC4EA0D6FB}"
EndProject
Project("{2150E333-8FDC-42A3-9474-1A3956D46DE8}") = "Infrastructure", "Infrastructure", "{9D6BD819-AB88-496B-A228-6246227B9F2E}"
EndProject
Project("{2150E333-8FDC-42A3-9474-1A3956D46DE8}") = "Core", "Core", "{DC1DBA3E-C0D8-4AB2-9F14-A39A52AE936E}"
EndProject
Project("{9A19103F-16F7-4668-BE54-9A1E7A4F7556}") = "HR.LeaveManagement.Domain", "HR.LeaveManagement.Domain\HR.LeaveManagement.Domain.csproj", "{D993D8D2-8053-4AEE-AAA4-877DDFED419D}"
EndProject
Project("{9A19103F-16F7-4668-BE54-9A1E7A4F7556}") = "HR.LeaveManagement.Application", "HR.LeaveManagement.Application\HR.LeaveManagement.Application.csproj", "{298A1125-0A48-45A0-9177-DC4E7645B28F}"
EndProject
Project("{9A19103F-16F7-4668-BE54-9A1E7A4F7556}") = "HR.LeaveManagement.Persistence", "HR.LeaveManagement.Persistence\HR.LeaveManagement.Persistence.csproj", "{E12FEB1A-5055-486B-AC0A-947A80D091C6}"
EndProject
Project("{9A19103F-16F7-4668-BE54-9A1E7A4F7556}") = "HR.LeaveManagement.Infrastructure", "HR.LeaveManagement.Infrastructure\HR.LeaveManagement.Infrastructure.csproj", "{2CBFA247-C388-496D-9712-08F4183CEAFC}"
EndProject
Project("{9A19103F-16F7-4668-BE54-9A1E7A4F7556}") = "HR.LeaveManagement.Api", "HR.LeaveManagement.Api\HR.LeaveManagement.Api.csproj", "{F98CC969-97D3-426A-AE86-D9B4DC194313}"
EndProject
Project("{FAE04EC0-301F-11D3-BF4B-00C04F79EFBC}") = "HR.LeaveManagement.Application.UnitTests", "HR.LeaveManagement.Application.UnitTests\HR.LeaveManagement.Application.UnitTests.csproj", "{68897E98-4AA6-48F0-A6F4-190EDBF369DE}"
EndProject
Project("{FAE04EC0-301F-11D3-BF4B-00C04F79EFBC}") = "HR.LeaveManagement.Identity", "HR.LeaveManagement.Identity\HR.LeaveManagement.Identity.csproj", "{A88B9D9C-86EA-4B9E-85AF-C6FEB58D00E0}"
EndProject
Global
	GlobalSection(SolutionConfigurationPlatforms) = preSolution
		Debug|Any CPU = Debug|Any CPU
		Release|Any CPU = Release|Any CPU
	EndGlobalSection
	GlobalSection(ProjectConfigurationPlatforms) = postSolution
		{D993D8D2-8053-4AEE-AAA4-877DDFED419D}.Debug|Any CPU.ActiveCfg = Debug|Any CPU
		{D993D8D2-8053-4AEE-AAA4-877DDFED419D}.Debug|Any CPU.Build.0 = Debug|Any CPU
		{D993D8D2-8053-4AEE-AAA4-877DDFED419D}.Release|Any CPU.ActiveCfg = Release|Any CPU
		{D993D8D2-8053-4AEE-AAA4-877DDFED419D}.Release|Any CPU.Build.0 = Release|Any CPU
		{298A1125-0A48-45A0-9177-DC4E7645B28F}.Debug|Any CPU.ActiveCfg = Debug|Any CPU
		{298A1125-0A48-45A0-9177-DC4E7645B28F}.Debug|Any CPU.Build.0 = Debug|Any CPU
		{298A1125-0A48-45A0-9177-DC4E7645B28F}.Release|Any CPU.ActiveCfg = Release|Any CPU
		{298A1125-0A48-45A0-9177-DC4E7645B28F}.Release|Any CPU.Build.0 = Release|Any CPU
		{E12FEB1A-5055-486B-AC0A-947A80D091C6}.Debug|Any CPU.ActiveCfg = Debug|Any CPU
		{E12FEB1A-5055-486B-AC0A-947A80D091C6}.Debug|Any CPU.Build.0 = Debug|Any CPU
		{E12FEB1A-5055-486B-AC0A-947A80D091C6}.Release|Any CPU.ActiveCfg = Release|Any CPU
		{E12FEB1A-5055-486B-AC0A-947A80D091C6}.Release|Any CPU.Build.0 = Release|Any CPU
		{2CBFA247-C388-496D-9712-08F4183CEAFC}.Debug|Any CPU.ActiveCfg = Debug|Any CPU
		{2CBFA247-C388-496D-9712-08F4183CEAFC}.Debug|Any CPU.Build.0 = Debug|Any CPU
		{2CBFA247-C388-496D-9712-08F4183CEAFC}.Release|Any CPU.ActiveCfg = Release|Any CPU
		{2CBFA247-C388-496D-9712-08F4183CEAFC}.Release|Any CPU.Build.0 = Release|Any CPU
		{F98CC969-97D3-426A-AE86-D9B4DC194313}.Debug|Any CPU.ActiveCfg = Debug|Any CPU
		{F98CC969-97D3-426A-AE86-D9B4DC194313}.Debug|Any CPU.Build.0 = Debug|Any CPU
		{F98CC969-97D3-426A-AE86-D9B4DC194313}.Release|Any CPU.ActiveCfg = Release|Any CPU
		{F98CC969-97D3-426A-AE86-D9B4DC194313}.Release|Any CPU.Build.0 = Release|Any CPU
		{68897E98-4AA6-48F0-A6F4-190EDBF369DE}.Debug|Any CPU.ActiveCfg = Debug|Any CPU
		{68897E98-4AA6-48F0-A6F4-190EDBF369DE}.Debug|Any CPU.Build.0 = Debug|Any CPU
		{68897E98-4AA6-48F0-A6F4-190EDBF369DE}.Release|Any CPU.ActiveCfg = Release|Any CPU
		{68897E98-4AA6-48F0-A6F4-190EDBF369DE}.Release|Any CPU.Build.0 = Release|Any CPU
		{A88B9D9C-86EA-4B9E-85AF-C6FEB58D00E0}.Debug|Any CPU.ActiveCfg = Debug|Any CPU
		{A88B9D9C-86EA-4B9E-85AF-C6FEB58D00E0}.Debug|Any CPU.Build.0 = Debug|Any CPU
		{A88B9D9C-86EA-4B9E-85AF-C6FEB58D00E0}.Release|Any CPU.ActiveCfg = Release|Any CPU
		{A88B9D9C-86EA-4B9E-85AF-C6FEB58D00E0}.Release|Any CPU.Build.0 = Release|Any CPU
	EndGlobalSection
	GlobalSection(SolutionProperties) = preSolution
		HideSolutionNode = FALSE
	EndGlobalSection
	GlobalSection(NestedProjects) = preSolution
		{DF7F0DB4-DF43-4712-B77B-C11384C63597} = {5DC657F8-B47F-4360-9E9B-10C812FECD02}
		{AE542341-D71F-4980-B63F-F4AC4EA0D6FB} = {5DC657F8-B47F-4360-9E9B-10C812FECD02}
		{9D6BD819-AB88-496B-A228-6246227B9F2E} = {5DC657F8-B47F-4360-9E9B-10C812FECD02}
		{DC1DBA3E-C0D8-4AB2-9F14-A39A52AE936E} = {5DC657F8-B47F-4360-9E9B-10C812FECD02}
		{D993D8D2-8053-4AEE-AAA4-877DDFED419D} = {DC1DBA3E-C0D8-4AB2-9F14-A39A52AE936E}
		{298A1125-0A48-45A0-9177-DC4E7645B28F} = {DC1DBA3E-C0D8-4AB2-9F14-A39A52AE936E}
		{E12FEB1A-5055-486B-AC0A-947A80D091C6} = {9D6BD819-AB88-496B-A228-6246227B9F2E}
		{2CBFA247-C388-496D-9712-08F4183CEAFC} = {9D6BD819-AB88-496B-A228-6246227B9F2E}
		{F98CC969-97D3-426A-AE86-D9B4DC194313} = {AE542341-D71F-4980-B63F-F4AC4EA0D6FB}
		{68897E98-4AA6-48F0-A6F4-190EDBF369DE} = {6E5B186A-58B2-4BF5-A142-08B024357F68}
		{A88B9D9C-86EA-4B9E-85AF-C6FEB58D00E0} = {9D6BD819-AB88-496B-A228-6246227B9F2E}
	EndGlobalSection
	GlobalSection(ExtensibilityGlobals) = postSolution
		SolutionGuid = {A248DD3A-8BFC-4455-BCF3-65C5606D09EE}
	EndGlobalSection
EndGlobal
